Microsoft Visual Studio Solution File, Format Version 12.00
# Visual Studio Version 16
VisualStudioVersion = 16.0.32106.194
MinimumVisualStudioVersion = 10.0.40219.1
Project("{FAE04EC0-301F-11D3-BF4B-00C04F79EFBC}") = "Avalonia1", "Avalonia1/Avalonia1.csproj", "{C935D194-92BB-4DDB-9BA9-61522D743645}"
EndProject
Project("{9A19103F-16F7-4668-BE54-9A1E7A4F7556}") = "WPF1", "WPF1/WPF1.csproj", "{CE360790-C43B-4E26-B0F4-F48C188C5863}"
EndProject
Project("{2150E333-8FDC-42A3-9474-1A3956D46DE8}") = "Solution Items", "Solution Items", "{F4B6A5B3-F03C-4CE7-818A-125087546979}"
	ProjectSection(SolutionItems) = preProject
		.editorconfig = .editorconfig
		.gitignore = .gitignore
	EndProjectSection
EndProject
Global
	GlobalSection(SolutionConfigurationPlatforms) = preSolution
		Debug|Any CPU = Debug|Any CPU
		Release|Any CPU = Release|Any CPU
	EndGlobalSection
	GlobalSection(ProjectConfigurationPlatforms) = postSolution
		{C935D194-92BB-4DDB-9BA9-61522D743645}.Debug|Any CPU.ActiveCfg = Debug|Any CPU
		{C935D194-92BB-4DDB-9BA9-61522D743645}.Debug|Any CPU.Build.0 = Debug|Any CPU
		{C935D194-92BB-4DDB-9BA9-61522D743645}.Release|Any CPU.ActiveCfg = Release|Any CPU
		{C935D194-92BB-4DDB-9BA9-61522D743645}.Release|Any CPU.Build.0 = Release|Any CPU
		{CE360790-C43B-4E26-B0F4-F48C188C5863}.Debug|Any CPU.ActiveCfg = Debug|Any CPU
		{CE360790-C43B-4E26-B0F4-F48C188C5863}.Debug|Any CPU.Build.0 = Debug|Any CPU
		{CE360790-C43B-4E26-B0F4-F48C188C5863}.Release|Any CPU.ActiveCfg = Release|Any CPU
		{CE360790-C43B-4E26-B0F4-F48C188C5863}.Release|Any CPU.Build.0 = Release|Any CPU
	EndGlobalSection
	GlobalSection(SolutionProperties) = preSolution
		HideSolutionNode = FALSE
	EndGlobalSection
	GlobalSection(ExtensibilityGlobals) = postSolution
		SolutionGuid = {2CF968B9-2B07-444A-BA80-80EBCFCC8517}
	EndGlobalSection
EndGlobal
