
Microsoft Visual Studio Solution File, Format Version 12.00
Global
	GlobalSection(SolutionConfigurationPlatforms) = preSolution
		Debug|Any CPU = Debug|Any CPU
		Release|Any CPU = Release|Any CPU
	EndGlobalSection
	GlobalSection(ProjectConfigurationPlatforms) = postSolution
		{D1C7DBEC-76D4-4339-887F-FE5DB97F619F}.Debug|Any CPU.ActiveCfg = Debug|Any CPU
		{D1C7DBEC-76D4-4339-887F-FE5DB97F619F}.Debug|Any CPU.Build.0 = Debug|Any CPU
		{D1C7DBEC-76D4-4339-887F-FE5DB97F619F}.Release|Any CPU.ActiveCfg = Release|Any CPU
		{D1C7DBEC-76D4-4339-887F-FE5DB97F619F}.Release|Any CPU.Build.0 = Release|Any CPU
	EndGlobalSection
EndGlobal
